// !$*UTF8*$!
{
	archiveVersion = 1;
	classes = {
	};
	objectVersion = 56;
	objects = {

/* Begin PBXBuildFile section */
		1C9847402A9F45A200478BFE /* Assets.xcassets in Resources */ = {isa = PBXBuildFile; fileRef = 1C98473F2A9F45A200478BFE /* Assets.xcassets */; };
		1C9847432A9F45DF00478BFE /* View.swift in Sources */ = {isa = PBXBuildFile; fileRef = 1C9847422A9F45DF00478BFE /* View.swift */; };
		1C9847452A9F45E900478BFE /* Healthy.swift in Sources */ = {isa = PBXBuildFile; fileRef = 1C9847442A9F45E900478BFE /* Healthy.swift */; };
		1C9847492A9F461E00478BFE /* Color.swift in Sources */ = {isa = PBXBuildFile; fileRef = 1C9847482A9F461E00478BFE /* Color.swift */; };
		1C98474B2A9F462300478BFE /* Information.swift in Sources */ = {isa = PBXBuildFile; fileRef = 1C98474A2A9F462300478BFE /* Information.swift */; };
		1C98475C2A9F464E00478BFE /* MemberView.swift in Sources */ = {isa = PBXBuildFile; fileRef = 1C98474D2A9F464E00478BFE /* MemberView.swift */; };
		1C98475D2A9F464E00478BFE /* MyDataView.swift in Sources */ = {isa = PBXBuildFile; fileRef = 1C98474E2A9F464E00478BFE /* MyDataView.swift */; };
		1C98475E2A9F464E00478BFE /* BodyView.swift in Sources */ = {isa = PBXBuildFile; fileRef = 1C98474F2A9F464E00478BFE /* BodyView.swift */; };
		1C98475F2A9F464E00478BFE /* HealthyView.swift in Sources */ = {isa = PBXBuildFile; fileRef = 1C9847502A9F464E00478BFE /* HealthyView.swift */; };
		1C9847602A9F464E00478BFE /* ContentView.swift in Sources */ = {isa = PBXBuildFile; fileRef = 1C9847512A9F464E00478BFE /* ContentView.swift */; };
		1C9847612A9F464E00478BFE /* MyrecipeView.swift in Sources */ = {isa = PBXBuildFile; fileRef = 1C9847522A9F464E00478BFE /* MyrecipeView.swift */; };
		1C9847622A9F464E00478BFE /* HomeView.swift in Sources */ = {isa = PBXBuildFile; fileRef = 1C9847532A9F464E00478BFE /* HomeView.swift */; };
		1C9847632A9F464E00478BFE /* KcalView.swift in Sources */ = {isa = PBXBuildFile; fileRef = 1C9847542A9F464E00478BFE /* KcalView.swift */; };
		1C9847642A9F464E00478BFE /* SideView.swift in Sources */ = {isa = PBXBuildFile; fileRef = 1C9847552A9F464E00478BFE /* SideView.swift */; };
		1C9847652A9F464E00478BFE /* FavoriteView.swift in Sources */ = {isa = PBXBuildFile; fileRef = 1C9847562A9F464E00478BFE /* FavoriteView.swift */; };
		1C9847662A9F464E00478BFE /* ForgetPasswordView.swift in Sources */ = {isa = PBXBuildFile; fileRef = 1C9847572A9F464E00478BFE /* ForgetPasswordView.swift */; };
		1C9847672A9F464E00478BFE /* SwiftUIView.swift in Sources */ = {isa = PBXBuildFile; fileRef = 1C9847582A9F464E00478BFE /* SwiftUIView.swift */; };
		1C9847682A9F464E00478BFE /* SignupView.swift in Sources */ = {isa = PBXBuildFile; fileRef = 1C9847592A9F464E00478BFE /* SignupView.swift */; };
		1C9847692A9F464E00478BFE /* SiginView.swift in Sources */ = {isa = PBXBuildFile; fileRef = 1C98475A2A9F464E00478BFE /* SiginView.swift */; };
		1C98476A2A9F464E00478BFE /* BMIView.swift in Sources */ = {isa = PBXBuildFile; fileRef = 1C98475B2A9F464E00478BFE /* BMIView.swift */; };
		1C98476F2A9F46A500478BFE /* TagButton.swift in Sources */ = {isa = PBXBuildFile; fileRef = 1C98476C2A9F46A500478BFE /* TagButton.swift */; };
		1C9847702A9F46A500478BFE /* InformationLabel.swift in Sources */ = {isa = PBXBuildFile; fileRef = 1C98476D2A9F46A500478BFE /* InformationLabel.swift */; };
		1C9847712A9F46A500478BFE /* MemberButton.swift in Sources */ = {isa = PBXBuildFile; fileRef = 1C98476E2A9F46A500478BFE /* MemberButton.swift */; };
		1C9847742A9F4B1100478BFE /* GoogleService-Info.plist in Resources */ = {isa = PBXBuildFile; fileRef = 1C9847732A9F4B1100478BFE /* GoogleService-Info.plist */; };
		1C9847772AA028C800478BFE /* FirebaseAnalytics in Frameworks */ = {isa = PBXBuildFile; productRef = 1C9847762AA028C800478BFE /* FirebaseAnalytics */; };
		1C9847792AA028C800478BFE /* FirebaseAnalyticsOnDeviceConversion in Frameworks */ = {isa = PBXBuildFile; productRef = 1C9847782AA028C800478BFE /* FirebaseAnalyticsOnDeviceConversion */; };
		1C98477B2AA028C800478BFE /* FirebaseAnalyticsSwift in Frameworks */ = {isa = PBXBuildFile; productRef = 1C98477A2AA028C800478BFE /* FirebaseAnalyticsSwift */; };
		1C98477D2AA028C800478BFE /* FirebaseAnalyticsWithoutAdIdSupport in Frameworks */ = {isa = PBXBuildFile; productRef = 1C98477C2AA028C800478BFE /* FirebaseAnalyticsWithoutAdIdSupport */; };
		1C98477F2AA028C800478BFE /* FirebaseAppCheck in Frameworks */ = {isa = PBXBuildFile; productRef = 1C98477E2AA028C800478BFE /* FirebaseAppCheck */; };
		1C9847812AA028C800478BFE /* FirebaseAppDistribution-Beta in Frameworks */ = {isa = PBXBuildFile; productRef = 1C9847802AA028C800478BFE /* FirebaseAppDistribution-Beta */; };
		1C9847832AA028C800478BFE /* FirebaseAuth in Frameworks */ = {isa = PBXBuildFile; productRef = 1C9847822AA028C800478BFE /* FirebaseAuth */; };
		1C9847852AA028C800478BFE /* FirebaseAuthCombine-Community in Frameworks */ = {isa = PBXBuildFile; productRef = 1C9847842AA028C800478BFE /* FirebaseAuthCombine-Community */; };
		1C9847872AA028C800478BFE /* FirebaseCrashlytics in Frameworks */ = {isa = PBXBuildFile; productRef = 1C9847862AA028C800478BFE /* FirebaseCrashlytics */; };
		1C9847892AA028C800478BFE /* FirebaseDatabase in Frameworks */ = {isa = PBXBuildFile; productRef = 1C9847882AA028C800478BFE /* FirebaseDatabase */; };
		1C98478B2AA028C800478BFE /* FirebaseDatabaseSwift in Frameworks */ = {isa = PBXBuildFile; productRef = 1C98478A2AA028C800478BFE /* FirebaseDatabaseSwift */; };
		1C98478D2AA028C800478BFE /* FirebaseDynamicLinks in Frameworks */ = {isa = PBXBuildFile; productRef = 1C98478C2AA028C800478BFE /* FirebaseDynamicLinks */; };
		1C98478F2AA028C800478BFE /* FirebaseFirestore in Frameworks */ = {isa = PBXBuildFile; productRef = 1C98478E2AA028C800478BFE /* FirebaseFirestore */; };
		1C9847912AA028C800478BFE /* FirebaseFirestoreCombine-Community in Frameworks */ = {isa = PBXBuildFile; productRef = 1C9847902AA028C800478BFE /* FirebaseFirestoreCombine-Community */; };
		1C9847932AA028C800478BFE /* FirebaseFirestoreSwift in Frameworks */ = {isa = PBXBuildFile; productRef = 1C9847922AA028C800478BFE /* FirebaseFirestoreSwift */; };
		1C9847952AA028C800478BFE /* FirebaseFunctions in Frameworks */ = {isa = PBXBuildFile; productRef = 1C9847942AA028C800478BFE /* FirebaseFunctions */; };
		1C9847972AA028C800478BFE /* FirebaseFunctionsCombine-Community in Frameworks */ = {isa = PBXBuildFile; productRef = 1C9847962AA028C800478BFE /* FirebaseFunctionsCombine-Community */; };
		1C9847992AA028C800478BFE /* FirebaseInAppMessaging-Beta in Frameworks */ = {isa = PBXBuildFile; productRef = 1C9847982AA028C800478BFE /* FirebaseInAppMessaging-Beta */; };
		1C98479B2AA028C800478BFE /* FirebaseInAppMessagingSwift-Beta in Frameworks */ = {isa = PBXBuildFile; productRef = 1C98479A2AA028C800478BFE /* FirebaseInAppMessagingSwift-Beta */; };
		1C98479D2AA028C800478BFE /* FirebaseInstallations in Frameworks */ = {isa = PBXBuildFile; productRef = 1C98479C2AA028C800478BFE /* FirebaseInstallations */; };
		1C98479F2AA028C800478BFE /* FirebaseMLModelDownloader in Frameworks */ = {isa = PBXBuildFile; productRef = 1C98479E2AA028C800478BFE /* FirebaseMLModelDownloader */; };
		1C9847A12AA028C800478BFE /* FirebaseMessaging in Frameworks */ = {isa = PBXBuildFile; productRef = 1C9847A02AA028C800478BFE /* FirebaseMessaging */; };
		1C9847A32AA028C800478BFE /* FirebasePerformance in Frameworks */ = {isa = PBXBuildFile; productRef = 1C9847A22AA028C800478BFE /* FirebasePerformance */; };
		1C9847A52AA028C800478BFE /* FirebaseRemoteConfig in Frameworks */ = {isa = PBXBuildFile; productRef = 1C9847A42AA028C800478BFE /* FirebaseRemoteConfig */; };
		1C9847A72AA028C800478BFE /* FirebaseRemoteConfigSwift in Frameworks */ = {isa = PBXBuildFile; productRef = 1C9847A62AA028C800478BFE /* FirebaseRemoteConfigSwift */; };
		1C9847A92AA028C800478BFE /* FirebaseStorage in Frameworks */ = {isa = PBXBuildFile; productRef = 1C9847A82AA028C800478BFE /* FirebaseStorage */; };
		1C9847AB2AA028C800478BFE /* FirebaseStorageCombine-Community in Frameworks */ = {isa = PBXBuildFile; productRef = 1C9847AA2AA028C800478BFE /* FirebaseStorageCombine-Community */; };
		1C99891F2A9F3E1000866656 /* NEW_GPApp.swift in Sources */ = {isa = PBXBuildFile; fileRef = 1C99891E2A9F3E1000866656 /* NEW_GPApp.swift */; };
		1C9989212A9F3E1000866656 /* Persistence.swift in Sources */ = {isa = PBXBuildFile; fileRef = 1C9989202A9F3E1000866656 /* Persistence.swift */; };
		1C9989242A9F3E1000866656 /* NEW_GP.xcdatamodeld in Sources */ = {isa = PBXBuildFile; fileRef = 1C9989222A9F3E1000866656 /* NEW_GP.xcdatamodeld */; };
		1C9989262A9F3E1000866656 /* DataBaseExample.swift in Sources */ = {isa = PBXBuildFile; fileRef = 1C9989252A9F3E1000866656 /* DataBaseExample.swift */; };
		1C9989282A9F3E1100866656 /* Assets.xcassets in Resources */ = {isa = PBXBuildFile; fileRef = 1C9989272A9F3E1100866656 /* Assets.xcassets */; };
		1C99892C2A9F3E1100866656 /* Preview Assets.xcassets in Resources */ = {isa = PBXBuildFile; fileRef = 1C99892B2A9F3E1100866656 /* Preview Assets.xcassets */; };
		1C9989362A9F3E1100866656 /* NEW_GPTests.swift in Sources */ = {isa = PBXBuildFile; fileRef = 1C9989352A9F3E1100866656 /* NEW_GPTests.swift */; };
		1C9989402A9F3E1100866656 /* NEW_GPUITests.swift in Sources */ = {isa = PBXBuildFile; fileRef = 1C99893F2A9F3E1100866656 /* NEW_GPUITests.swift */; };
		1C9989422A9F3E1100866656 /* NEW_GPUITestsLaunchTests.swift in Sources */ = {isa = PBXBuildFile; fileRef = 1C9989412A9F3E1100866656 /* NEW_GPUITestsLaunchTests.swift */; };
/* End PBXBuildFile section */

/* Begin PBXContainerItemProxy section */
		1C9989322A9F3E1100866656 /* PBXContainerItemProxy */ = {
			isa = PBXContainerItemProxy;
			containerPortal = 1C9989132A9F3E1000866656 /* Project object */;
			proxyType = 1;
			remoteGlobalIDString = 1C99891A2A9F3E1000866656;
			remoteInfo = NEW_GP;
		};
		1C99893C2A9F3E1100866656 /* PBXContainerItemProxy */ = {
			isa = PBXContainerItemProxy;
			containerPortal = 1C9989132A9F3E1000866656 /* Project object */;
			proxyType = 1;
			remoteGlobalIDString = 1C99891A2A9F3E1000866656;
			remoteInfo = NEW_GP;
		};
/* End PBXContainerItemProxy section */

/* Begin PBXFileReference section */
		1C98473F2A9F45A200478BFE /* Assets.xcassets */ = {isa = PBXFileReference; lastKnownFileType = folder.assetcatalog; path = Assets.xcassets; sourceTree = "<group>"; };
		1C9847422A9F45DF00478BFE /* View.swift */ = {isa = PBXFileReference; fileEncoding = 4; lastKnownFileType = sourcecode.swift; path = View.swift; sourceTree = "<group>"; };
		1C9847442A9F45E900478BFE /* Healthy.swift */ = {isa = PBXFileReference; fileEncoding = 4; lastKnownFileType = sourcecode.swift; path = Healthy.swift; sourceTree = "<group>"; };
		1C9847482A9F461E00478BFE /* Color.swift */ = {isa = PBXFileReference; fileEncoding = 4; lastKnownFileType = sourcecode.swift; path = Color.swift; sourceTree = "<group>"; };
		1C98474A2A9F462300478BFE /* Information.swift */ = {isa = PBXFileReference; fileEncoding = 4; lastKnownFileType = sourcecode.swift; path = Information.swift; sourceTree = "<group>"; };
		1C98474D2A9F464E00478BFE /* MemberView.swift */ = {isa = PBXFileReference; fileEncoding = 4; lastKnownFileType = sourcecode.swift; path = MemberView.swift; sourceTree = "<group>"; };
		1C98474E2A9F464E00478BFE /* MyDataView.swift */ = {isa = PBXFileReference; fileEncoding = 4; lastKnownFileType = sourcecode.swift; path = MyDataView.swift; sourceTree = "<group>"; };
		1C98474F2A9F464E00478BFE /* BodyView.swift */ = {isa = PBXFileReference; fileEncoding = 4; lastKnownFileType = sourcecode.swift; path = BodyView.swift; sourceTree = "<group>"; };
		1C9847502A9F464E00478BFE /* HealthyView.swift */ = {isa = PBXFileReference; fileEncoding = 4; lastKnownFileType = sourcecode.swift; path = HealthyView.swift; sourceTree = "<group>"; };
		1C9847512A9F464E00478BFE /* ContentView.swift */ = {isa = PBXFileReference; fileEncoding = 4; lastKnownFileType = sourcecode.swift; path = ContentView.swift; sourceTree = "<group>"; };
		1C9847522A9F464E00478BFE /* MyrecipeView.swift */ = {isa = PBXFileReference; fileEncoding = 4; lastKnownFileType = sourcecode.swift; path = MyrecipeView.swift; sourceTree = "<group>"; };
		1C9847532A9F464E00478BFE /* HomeView.swift */ = {isa = PBXFileReference; fileEncoding = 4; lastKnownFileType = sourcecode.swift; path = HomeView.swift; sourceTree = "<group>"; };
		1C9847542A9F464E00478BFE /* KcalView.swift */ = {isa = PBXFileReference; fileEncoding = 4; lastKnownFileType = sourcecode.swift; path = KcalView.swift; sourceTree = "<group>"; };
		1C9847552A9F464E00478BFE /* SideView.swift */ = {isa = PBXFileReference; fileEncoding = 4; lastKnownFileType = sourcecode.swift; path = SideView.swift; sourceTree = "<group>"; };
		1C9847562A9F464E00478BFE /* FavoriteView.swift */ = {isa = PBXFileReference; fileEncoding = 4; lastKnownFileType = sourcecode.swift; path = FavoriteView.swift; sourceTree = "<group>"; };
		1C9847572A9F464E00478BFE /* ForgetPasswordView.swift */ = {isa = PBXFileReference; fileEncoding = 4; lastKnownFileType = sourcecode.swift; path = ForgetPasswordView.swift; sourceTree = "<group>"; };
		1C9847582A9F464E00478BFE /* SwiftUIView.swift */ = {isa = PBXFileReference; fileEncoding = 4; lastKnownFileType = sourcecode.swift; path = SwiftUIView.swift; sourceTree = "<group>"; };
		1C9847592A9F464E00478BFE /* SignupView.swift */ = {isa = PBXFileReference; fileEncoding = 4; lastKnownFileType = sourcecode.swift; path = SignupView.swift; sourceTree = "<group>"; };
		1C98475A2A9F464E00478BFE /* SiginView.swift */ = {isa = PBXFileReference; fileEncoding = 4; lastKnownFileType = sourcecode.swift; path = SiginView.swift; sourceTree = "<group>"; };
		1C98475B2A9F464E00478BFE /* BMIView.swift */ = {isa = PBXFileReference; fileEncoding = 4; lastKnownFileType = sourcecode.swift; path = BMIView.swift; sourceTree = "<group>"; };
		1C98476C2A9F46A500478BFE /* TagButton.swift */ = {isa = PBXFileReference; fileEncoding = 4; lastKnownFileType = sourcecode.swift; path = TagButton.swift; sourceTree = "<group>"; };
		1C98476D2A9F46A500478BFE /* InformationLabel.swift */ = {isa = PBXFileReference; fileEncoding = 4; lastKnownFileType = sourcecode.swift; path = InformationLabel.swift; sourceTree = "<group>"; };
		1C98476E2A9F46A500478BFE /* MemberButton.swift */ = {isa = PBXFileReference; fileEncoding = 4; lastKnownFileType = sourcecode.swift; path = MemberButton.swift; sourceTree = "<group>"; };
		1C9847732A9F4B1100478BFE /* GoogleService-Info.plist */ = {isa = PBXFileReference; fileEncoding = 4; lastKnownFileType = text.plist.xml; path = "GoogleService-Info.plist"; sourceTree = "<group>"; };
		1C99891B2A9F3E1000866656 /* NEW_GP.app */ = {isa = PBXFileReference; explicitFileType = wrapper.application; includeInIndex = 0; path = NEW_GP.app; sourceTree = BUILT_PRODUCTS_DIR; };
		1C99891E2A9F3E1000866656 /* NEW_GPApp.swift */ = {isa = PBXFileReference; lastKnownFileType = sourcecode.swift; path = NEW_GPApp.swift; sourceTree = "<group>"; };
		1C9989202A9F3E1000866656 /* Persistence.swift */ = {isa = PBXFileReference; lastKnownFileType = sourcecode.swift; path = Persistence.swift; sourceTree = "<group>"; };
		1C9989232A9F3E1000866656 /* NEW_GP.xcdatamodel */ = {isa = PBXFileReference; lastKnownFileType = wrapper.xcdatamodel; path = NEW_GP.xcdatamodel; sourceTree = "<group>"; };
		1C9989252A9F3E1000866656 /* DataBaseExample.swift */ = {isa = PBXFileReference; lastKnownFileType = sourcecode.swift; path = DataBaseExample.swift; sourceTree = "<group>"; };
		1C9989272A9F3E1100866656 /* Assets.xcassets */ = {isa = PBXFileReference; lastKnownFileType = folder.assetcatalog; path = Assets.xcassets; sourceTree = "<group>"; };
		1C9989292A9F3E1100866656 /* NEW_GP.entitlements */ = {isa = PBXFileReference; lastKnownFileType = text.plist.entitlements; path = NEW_GP.entitlements; sourceTree = "<group>"; };
		1C99892B2A9F3E1100866656 /* Preview Assets.xcassets */ = {isa = PBXFileReference; lastKnownFileType = folder.assetcatalog; path = "Preview Assets.xcassets"; sourceTree = "<group>"; };
		1C9989312A9F3E1100866656 /* NEW_GPTests.xctest */ = {isa = PBXFileReference; explicitFileType = wrapper.cfbundle; includeInIndex = 0; path = NEW_GPTests.xctest; sourceTree = BUILT_PRODUCTS_DIR; };
		1C9989352A9F3E1100866656 /* NEW_GPTests.swift */ = {isa = PBXFileReference; lastKnownFileType = sourcecode.swift; path = NEW_GPTests.swift; sourceTree = "<group>"; };
		1C99893B2A9F3E1100866656 /* NEW_GPUITests.xctest */ = {isa = PBXFileReference; explicitFileType = wrapper.cfbundle; includeInIndex = 0; path = NEW_GPUITests.xctest; sourceTree = BUILT_PRODUCTS_DIR; };
		1C99893F2A9F3E1100866656 /* NEW_GPUITests.swift */ = {isa = PBXFileReference; lastKnownFileType = sourcecode.swift; path = NEW_GPUITests.swift; sourceTree = "<group>"; };
		1C9989412A9F3E1100866656 /* NEW_GPUITestsLaunchTests.swift */ = {isa = PBXFileReference; lastKnownFileType = sourcecode.swift; path = NEW_GPUITestsLaunchTests.swift; sourceTree = "<group>"; };
/* End PBXFileReference section */

/* Begin PBXFrameworksBuildPhase section */
		1C9989182A9F3E1000866656 /* Frameworks */ = {
			isa = PBXFrameworksBuildPhase;
			buildActionMask = 2147483647;
			files = (
				1C9847892AA028C800478BFE /* FirebaseDatabase in Frameworks */,
				1C9847972AA028C800478BFE /* FirebaseFunctionsCombine-Community in Frameworks */,
				1C98478F2AA028C800478BFE /* FirebaseFirestore in Frameworks */,
				1C98477B2AA028C800478BFE /* FirebaseAnalyticsSwift in Frameworks */,
				1C9847772AA028C800478BFE /* FirebaseAnalytics in Frameworks */,
				1C9847792AA028C800478BFE /* FirebaseAnalyticsOnDeviceConversion in Frameworks */,
				1C98479F2AA028C800478BFE /* FirebaseMLModelDownloader in Frameworks */,
				1C9847932AA028C800478BFE /* FirebaseFirestoreSwift in Frameworks */,
				1C98477F2AA028C800478BFE /* FirebaseAppCheck in Frameworks */,
				1C98477D2AA028C800478BFE /* FirebaseAnalyticsWithoutAdIdSupport in Frameworks */,
				1C9847832AA028C800478BFE /* FirebaseAuth in Frameworks */,
				1C9847872AA028C800478BFE /* FirebaseCrashlytics in Frameworks */,
				1C9847A72AA028C800478BFE /* FirebaseRemoteConfigSwift in Frameworks */,
				1C9847992AA028C800478BFE /* FirebaseInAppMessaging-Beta in Frameworks */,
				1C98478B2AA028C800478BFE /* FirebaseDatabaseSwift in Frameworks */,
				1C9847952AA028C800478BFE /* FirebaseFunctions in Frameworks */,
				1C9847AB2AA028C800478BFE /* FirebaseStorageCombine-Community in Frameworks */,
				1C9847A52AA028C800478BFE /* FirebaseRemoteConfig in Frameworks */,
				1C9847812AA028C800478BFE /* FirebaseAppDistribution-Beta in Frameworks */,
				1C9847852AA028C800478BFE /* FirebaseAuthCombine-Community in Frameworks */,
				1C9847A32AA028C800478BFE /* FirebasePerformance in Frameworks */,
				1C98479B2AA028C800478BFE /* FirebaseInAppMessagingSwift-Beta in Frameworks */,
				1C9847A92AA028C800478BFE /* FirebaseStorage in Frameworks */,
				1C98478D2AA028C800478BFE /* FirebaseDynamicLinks in Frameworks */,
				1C9847912AA028C800478BFE /* FirebaseFirestoreCombine-Community in Frameworks */,
				1C9847A12AA028C800478BFE /* FirebaseMessaging in Frameworks */,
				1C98479D2AA028C800478BFE /* FirebaseInstallations in Frameworks */,
			);
			runOnlyForDeploymentPostprocessing = 0;
		};
		1C99892E2A9F3E1100866656 /* Frameworks */ = {
			isa = PBXFrameworksBuildPhase;
			buildActionMask = 2147483647;
			files = (
			);
			runOnlyForDeploymentPostprocessing = 0;
		};
		1C9989382A9F3E1100866656 /* Frameworks */ = {
			isa = PBXFrameworksBuildPhase;
			buildActionMask = 2147483647;
			files = (
			);
			runOnlyForDeploymentPostprocessing = 0;
		};
/* End PBXFrameworksBuildPhase section */

/* Begin PBXGroup section */
		1C98473D2A9F456000478BFE /* Picture */ = {
			isa = PBXGroup;
			children = (
				1C9989272A9F3E1100866656 /* Assets.xcassets */,
			);
			path = Picture;
			sourceTree = "<group>";
		};
		1C98473E2A9F458D00478BFE /* Color */ = {
			isa = PBXGroup;
			children = (
				1C98473F2A9F45A200478BFE /* Assets.xcassets */,
			);
			path = Color;
			sourceTree = "<group>";
		};
		1C9847412A9F45B500478BFE /* Extension */ = {
			isa = PBXGroup;
			children = (
				1C9847422A9F45DF00478BFE /* View.swift */,
				1C9847442A9F45E900478BFE /* Healthy.swift */,
			);
			path = Extension;
			sourceTree = "<group>";
		};
		1C9847462A9F45EF00478BFE /* Function */ = {
			isa = PBXGroup;
			children = (
			);
			path = Function;
			sourceTree = "<group>";
		};
		1C9847472A9F460A00478BFE /* Model */ = {
			isa = PBXGroup;
			children = (
				1C9847482A9F461E00478BFE /* Color.swift */,
				1C98474A2A9F462300478BFE /* Information.swift */,
			);
			path = Model;
			sourceTree = "<group>";
		};
		1C98474C2A9F462800478BFE /* View */ = {
			isa = PBXGroup;
			children = (
				1C9847512A9F464E00478BFE /* ContentView.swift */,
				1C9847562A9F464E00478BFE /* FavoriteView.swift */,
				1C9847572A9F464E00478BFE /* ForgetPasswordView.swift */,
				1C9847532A9F464E00478BFE /* HomeView.swift */,
				1C98474D2A9F464E00478BFE /* MemberView.swift */,
				1C98474E2A9F464E00478BFE /* MyDataView.swift */,
				1C9847552A9F464E00478BFE /* SideView.swift */,
				1C98475A2A9F464E00478BFE /* SiginView.swift */,
				1C9847592A9F464E00478BFE /* SignupView.swift */,
				1C9847582A9F464E00478BFE /* SwiftUIView.swift */,
				1C9847502A9F464E00478BFE /* HealthyView.swift */,
				1C98475B2A9F464E00478BFE /* BMIView.swift */,
				1C9847542A9F464E00478BFE /* KcalView.swift */,
				1C98474F2A9F464E00478BFE /* BodyView.swift */,
				1C9847522A9F464E00478BFE /* MyrecipeView.swift */,
			);
			path = View;
			sourceTree = "<group>";
		};
		1C98476B2A9F468300478BFE /* ViewModel */ = {
			isa = PBXGroup;
			children = (
				1C98476C2A9F46A500478BFE /* TagButton.swift */,
				1C98476E2A9F46A500478BFE /* MemberButton.swift */,
				1C98476D2A9F46A500478BFE /* InformationLabel.swift */,
			);
			path = ViewModel;
			sourceTree = "<group>";
		};
		1C9847722A9F46B500478BFE /* ViewModifier */ = {
			isa = PBXGroup;
			children = (
			);
			path = ViewModifier;
			sourceTree = "<group>";
		};
		1C9989122A9F3E1000866656 = {
			isa = PBXGroup;
			children = (
				1C9847732A9F4B1100478BFE /* GoogleService-Info.plist */,
				1C99891D2A9F3E1000866656 /* NEW_GP */,
				1C9989342A9F3E1100866656 /* NEW_GPTests */,
				1C99893E2A9F3E1100866656 /* NEW_GPUITests */,
				1C99891C2A9F3E1000866656 /* Products */,
			);
			sourceTree = "<group>";
		};
		1C99891C2A9F3E1000866656 /* Products */ = {
			isa = PBXGroup;
			children = (
				1C99891B2A9F3E1000866656 /* NEW_GP.app */,
				1C9989312A9F3E1100866656 /* NEW_GPTests.xctest */,
				1C99893B2A9F3E1100866656 /* NEW_GPUITests.xctest */,
			);
			name = Products;
			sourceTree = "<group>";
		};
		1C99891D2A9F3E1000866656 /* NEW_GP */ = {
			isa = PBXGroup;
			children = (
				1C99891E2A9F3E1000866656 /* NEW_GPApp.swift */,
				1C9989202A9F3E1000866656 /* Persistence.swift */,
				1C9989252A9F3E1000866656 /* DataBaseExample.swift */,
				1C9989292A9F3E1100866656 /* NEW_GP.entitlements */,
				1C9989222A9F3E1000866656 /* NEW_GP.xcdatamodeld */,
				1C99892A2A9F3E1100866656 /* Preview Content */,
				1C98473D2A9F456000478BFE /* Picture */,
				1C98473E2A9F458D00478BFE /* Color */,
				1C9847412A9F45B500478BFE /* Extension */,
				1C9847462A9F45EF00478BFE /* Function */,
				1C9847472A9F460A00478BFE /* Model */,
				1C98474C2A9F462800478BFE /* View */,
				1C98476B2A9F468300478BFE /* ViewModel */,
				1C9847722A9F46B500478BFE /* ViewModifier */,
			);
			path = NEW_GP;
			sourceTree = "<group>";
		};
		1C99892A2A9F3E1100866656 /* Preview Content */ = {
			isa = PBXGroup;
			children = (
				1C99892B2A9F3E1100866656 /* Preview Assets.xcassets */,
			);
			path = "Preview Content";
			sourceTree = "<group>";
		};
		1C9989342A9F3E1100866656 /* NEW_GPTests */ = {
			isa = PBXGroup;
			children = (
				1C9989352A9F3E1100866656 /* NEW_GPTests.swift */,
			);
			path = NEW_GPTests;
			sourceTree = "<group>";
		};
		1C99893E2A9F3E1100866656 /* NEW_GPUITests */ = {
			isa = PBXGroup;
			children = (
				1C99893F2A9F3E1100866656 /* NEW_GPUITests.swift */,
				1C9989412A9F3E1100866656 /* NEW_GPUITestsLaunchTests.swift */,
			);
			path = NEW_GPUITests;
			sourceTree = "<group>";
		};
/* End PBXGroup section */

/* Begin PBXNativeTarget section */
		1C99891A2A9F3E1000866656 /* NEW_GP */ = {
			isa = PBXNativeTarget;
			buildConfigurationList = 1C9989452A9F3E1100866656 /* Build configuration list for PBXNativeTarget "NEW_GP" */;
			buildPhases = (
				1C9989172A9F3E1000866656 /* Sources */,
				1C9989182A9F3E1000866656 /* Frameworks */,
				1C9989192A9F3E1000866656 /* Resources */,
			);
			buildRules = (
			);
			dependencies = (
			);
			name = NEW_GP;
			packageProductDependencies = (
				1C9847762AA028C800478BFE /* FirebaseAnalytics */,
				1C9847782AA028C800478BFE /* FirebaseAnalyticsOnDeviceConversion */,
				1C98477A2AA028C800478BFE /* FirebaseAnalyticsSwift */,
				1C98477C2AA028C800478BFE /* FirebaseAnalyticsWithoutAdIdSupport */,
				1C98477E2AA028C800478BFE /* FirebaseAppCheck */,
				1C9847802AA028C800478BFE /* FirebaseAppDistribution-Beta */,
				1C9847822AA028C800478BFE /* FirebaseAuth */,
				1C9847842AA028C800478BFE /* FirebaseAuthCombine-Community */,
				1C9847862AA028C800478BFE /* FirebaseCrashlytics */,
				1C9847882AA028C800478BFE /* FirebaseDatabase */,
				1C98478A2AA028C800478BFE /* FirebaseDatabaseSwift */,
				1C98478C2AA028C800478BFE /* FirebaseDynamicLinks */,
				1C98478E2AA028C800478BFE /* FirebaseFirestore */,
				1C9847902AA028C800478BFE /* FirebaseFirestoreCombine-Community */,
				1C9847922AA028C800478BFE /* FirebaseFirestoreSwift */,
				1C9847942AA028C800478BFE /* FirebaseFunctions */,
				1C9847962AA028C800478BFE /* FirebaseFunctionsCombine-Community */,
				1C9847982AA028C800478BFE /* FirebaseInAppMessaging-Beta */,
				1C98479A2AA028C800478BFE /* FirebaseInAppMessagingSwift-Beta */,
				1C98479C2AA028C800478BFE /* FirebaseInstallations */,
				1C98479E2AA028C800478BFE /* FirebaseMLModelDownloader */,
				1C9847A02AA028C800478BFE /* FirebaseMessaging */,
				1C9847A22AA028C800478BFE /* FirebasePerformance */,
				1C9847A42AA028C800478BFE /* FirebaseRemoteConfig */,
				1C9847A62AA028C800478BFE /* FirebaseRemoteConfigSwift */,
				1C9847A82AA028C800478BFE /* FirebaseStorage */,
				1C9847AA2AA028C800478BFE /* FirebaseStorageCombine-Community */,
			);
			productName = NEW_GP;
			productReference = 1C99891B2A9F3E1000866656 /* NEW_GP.app */;
			productType = "com.apple.product-type.application";
		};
		1C9989302A9F3E1100866656 /* NEW_GPTests */ = {
			isa = PBXNativeTarget;
			buildConfigurationList = 1C9989482A9F3E1100866656 /* Build configuration list for PBXNativeTarget "NEW_GPTests" */;
			buildPhases = (
				1C99892D2A9F3E1100866656 /* Sources */,
				1C99892E2A9F3E1100866656 /* Frameworks */,
				1C99892F2A9F3E1100866656 /* Resources */,
			);
			buildRules = (
			);
			dependencies = (
				1C9989332A9F3E1100866656 /* PBXTargetDependency */,
			);
			name = NEW_GPTests;
			productName = NEW_GPTests;
			productReference = 1C9989312A9F3E1100866656 /* NEW_GPTests.xctest */;
			productType = "com.apple.product-type.bundle.unit-test";
		};
		1C99893A2A9F3E1100866656 /* NEW_GPUITests */ = {
			isa = PBXNativeTarget;
			buildConfigurationList = 1C99894B2A9F3E1100866656 /* Build configuration list for PBXNativeTarget "NEW_GPUITests" */;
			buildPhases = (
				1C9989372A9F3E1100866656 /* Sources */,
				1C9989382A9F3E1100866656 /* Frameworks */,
				1C9989392A9F3E1100866656 /* Resources */,
			);
			buildRules = (
			);
			dependencies = (
				1C99893D2A9F3E1100866656 /* PBXTargetDependency */,
			);
			name = NEW_GPUITests;
			productName = NEW_GPUITests;
			productReference = 1C99893B2A9F3E1100866656 /* NEW_GPUITests.xctest */;
			productType = "com.apple.product-type.bundle.ui-testing";
		};
/* End PBXNativeTarget section */

/* Begin PBXProject section */
		1C9989132A9F3E1000866656 /* Project object */ = {
			isa = PBXProject;
			attributes = {
				BuildIndependentTargetsInParallel = 1;
				LastSwiftUpdateCheck = 1430;
				LastUpgradeCheck = 1430;
				TargetAttributes = {
					1C99891A2A9F3E1000866656 = {
						CreatedOnToolsVersion = 14.3.1;
					};
					1C9989302A9F3E1100866656 = {
						CreatedOnToolsVersion = 14.3.1;
						TestTargetID = 1C99891A2A9F3E1000866656;
					};
					1C99893A2A9F3E1100866656 = {
						CreatedOnToolsVersion = 14.3.1;
						TestTargetID = 1C99891A2A9F3E1000866656;
					};
				};
			};
			buildConfigurationList = 1C9989162A9F3E1000866656 /* Build configuration list for PBXProject "NEW_GP" */;
			compatibilityVersion = "Xcode 14.0";
			developmentRegion = en;
			hasScannedForEncodings = 0;
			knownRegions = (
				en,
				Base,
			);
			mainGroup = 1C9989122A9F3E1000866656;
			packageReferences = (
				1C9847752AA028C800478BFE /* XCRemoteSwiftPackageReference "firebase-ios-sdk" */,
			);
			productRefGroup = 1C99891C2A9F3E1000866656 /* Products */;
			projectDirPath = "";
			projectRoot = "";
			targets = (
				1C99891A2A9F3E1000866656 /* NEW_GP */,
				1C9989302A9F3E1100866656 /* NEW_GPTests */,
				1C99893A2A9F3E1100866656 /* NEW_GPUITests */,
			);
		};
/* End PBXProject section */

/* Begin PBXResourcesBuildPhase section */
		1C9989192A9F3E1000866656 /* Resources */ = {
			isa = PBXResourcesBuildPhase;
			buildActionMask = 2147483647;
			files = (
				1C99892C2A9F3E1100866656 /* Preview Assets.xcassets in Resources */,
				1C9847742A9F4B1100478BFE /* GoogleService-Info.plist in Resources */,
				1C9847402A9F45A200478BFE /* Assets.xcassets in Resources */,
				1C9989282A9F3E1100866656 /* Assets.xcassets in Resources */,
			);
			runOnlyForDeploymentPostprocessing = 0;
		};
		1C99892F2A9F3E1100866656 /* Resources */ = {
			isa = PBXResourcesBuildPhase;
			buildActionMask = 2147483647;
			files = (
			);
			runOnlyForDeploymentPostprocessing = 0;
		};
		1C9989392A9F3E1100866656 /* Resources */ = {
			isa = PBXResourcesBuildPhase;
			buildActionMask = 2147483647;
			files = (
			);
			runOnlyForDeploymentPostprocessing = 0;
		};
/* End PBXResourcesBuildPhase section */

/* Begin PBXSourcesBuildPhase section */
		1C9989172A9F3E1000866656 /* Sources */ = {
			isa = PBXSourcesBuildPhase;
			buildActionMask = 2147483647;
			files = (
				1C98475C2A9F464E00478BFE /* MemberView.swift in Sources */,
				1C9989242A9F3E1000866656 /* NEW_GP.xcdatamodeld in Sources */,
				1C9847452A9F45E900478BFE /* Healthy.swift in Sources */,
				1C9847622A9F464E00478BFE /* HomeView.swift in Sources */,
				1C98474B2A9F462300478BFE /* Information.swift in Sources */,
				1C9847682A9F464E00478BFE /* SignupView.swift in Sources */,
				1C9847612A9F464E00478BFE /* MyrecipeView.swift in Sources */,
				1C9847492A9F461E00478BFE /* Color.swift in Sources */,
				1C9847692A9F464E00478BFE /* SiginView.swift in Sources */,
				1C99891F2A9F3E1000866656 /* NEW_GPApp.swift in Sources */,
				1C98475E2A9F464E00478BFE /* BodyView.swift in Sources */,
				1C98475D2A9F464E00478BFE /* MyDataView.swift in Sources */,
				1C9847642A9F464E00478BFE /* SideView.swift in Sources */,
				1C9847432A9F45DF00478BFE /* View.swift in Sources */,
				1C9989262A9F3E1000866656 /* DataBaseExample.swift in Sources */,
				1C9847602A9F464E00478BFE /* ContentView.swift in Sources */,
				1C9847672A9F464E00478BFE /* SwiftUIView.swift in Sources */,
				1C98475F2A9F464E00478BFE /* HealthyView.swift in Sources */,
				1C9847702A9F46A500478BFE /* InformationLabel.swift in Sources */,
				1C98476F2A9F46A500478BFE /* TagButton.swift in Sources */,
				1C9847662A9F464E00478BFE /* ForgetPasswordView.swift in Sources */,
				1C9989212A9F3E1000866656 /* Persistence.swift in Sources */,
				1C9847652A9F464E00478BFE /* FavoriteView.swift in Sources */,
				1C9847632A9F464E00478BFE /* KcalView.swift in Sources */,
				1C98476A2A9F464E00478BFE /* BMIView.swift in Sources */,
				1C9847712A9F46A500478BFE /* MemberButton.swift in Sources */,
			);
			runOnlyForDeploymentPostprocessing = 0;
		};
		1C99892D2A9F3E1100866656 /* Sources */ = {
			isa = PBXSourcesBuildPhase;
			buildActionMask = 2147483647;
			files = (
				1C9989362A9F3E1100866656 /* NEW_GPTests.swift in Sources */,
			);
			runOnlyForDeploymentPostprocessing = 0;
		};
		1C9989372A9F3E1100866656 /* Sources */ = {
			isa = PBXSourcesBuildPhase;
			buildActionMask = 2147483647;
			files = (
				1C9989422A9F3E1100866656 /* NEW_GPUITestsLaunchTests.swift in Sources */,
				1C9989402A9F3E1100866656 /* NEW_GPUITests.swift in Sources */,
			);
			runOnlyForDeploymentPostprocessing = 0;
		};
/* End PBXSourcesBuildPhase section */

/* Begin PBXTargetDependency section */
		1C9989332A9F3E1100866656 /* PBXTargetDependency */ = {
			isa = PBXTargetDependency;
			target = 1C99891A2A9F3E1000866656 /* NEW_GP */;
			targetProxy = 1C9989322A9F3E1100866656 /* PBXContainerItemProxy */;
		};
		1C99893D2A9F3E1100866656 /* PBXTargetDependency */ = {
			isa = PBXTargetDependency;
			target = 1C99891A2A9F3E1000866656 /* NEW_GP */;
			targetProxy = 1C99893C2A9F3E1100866656 /* PBXContainerItemProxy */;
		};
/* End PBXTargetDependency section */

/* Begin XCBuildConfiguration section */
		1C9989432A9F3E1100866656 /* Debug */ = {
			isa = XCBuildConfiguration;
			buildSettings = {
				ALWAYS_SEARCH_USER_PATHS = NO;
				CLANG_ANALYZER_NONNULL = YES;
				CLANG_ANALYZER_NUMBER_OBJECT_CONVERSION = YES_AGGRESSIVE;
				CLANG_CXX_LANGUAGE_STANDARD = "gnu++20";
				CLANG_ENABLE_MODULES = YES;
				CLANG_ENABLE_OBJC_ARC = YES;
				CLANG_ENABLE_OBJC_WEAK = YES;
				CLANG_WARN_BLOCK_CAPTURE_AUTORELEASING = YES;
				CLANG_WARN_BOOL_CONVERSION = YES;
				CLANG_WARN_COMMA = YES;
				CLANG_WARN_CONSTANT_CONVERSION = YES;
				CLANG_WARN_DEPRECATED_OBJC_IMPLEMENTATIONS = YES;
				CLANG_WARN_DIRECT_OBJC_ISA_USAGE = YES_ERROR;
				CLANG_WARN_DOCUMENTATION_COMMENTS = YES;
				CLANG_WARN_EMPTY_BODY = YES;
				CLANG_WARN_ENUM_CONVERSION = YES;
				CLANG_WARN_INFINITE_RECURSION = YES;
				CLANG_WARN_INT_CONVERSION = YES;
				CLANG_WARN_NON_LITERAL_NULL_CONVERSION = YES;
				CLANG_WARN_OBJC_IMPLICIT_RETAIN_SELF = YES;
				CLANG_WARN_OBJC_LITERAL_CONVERSION = YES;
				CLANG_WARN_OBJC_ROOT_CLASS = YES_ERROR;
				CLANG_WARN_QUOTED_INCLUDE_IN_FRAMEWORK_HEADER = YES;
				CLANG_WARN_RANGE_LOOP_ANALYSIS = YES;
				CLANG_WARN_STRICT_PROTOTYPES = YES;
				CLANG_WARN_SUSPICIOUS_MOVE = YES;
				CLANG_WARN_UNGUARDED_AVAILABILITY = YES_AGGRESSIVE;
				CLANG_WARN_UNREACHABLE_CODE = YES;
				CLANG_WARN__DUPLICATE_METHOD_MATCH = YES;
				COPY_PHASE_STRIP = NO;
				DEBUG_INFORMATION_FORMAT = dwarf;
				ENABLE_STRICT_OBJC_MSGSEND = YES;
				ENABLE_TESTABILITY = YES;
				GCC_C_LANGUAGE_STANDARD = gnu11;
				GCC_DYNAMIC_NO_PIC = NO;
				GCC_NO_COMMON_BLOCKS = YES;
				GCC_OPTIMIZATION_LEVEL = 0;
				GCC_PREPROCESSOR_DEFINITIONS = (
					"DEBUG=1",
					"$(inherited)",
				);
				GCC_WARN_64_TO_32_BIT_CONVERSION = YES;
				GCC_WARN_ABOUT_RETURN_TYPE = YES_ERROR;
				GCC_WARN_UNDECLARED_SELECTOR = YES;
				GCC_WARN_UNINITIALIZED_AUTOS = YES_AGGRESSIVE;
				GCC_WARN_UNUSED_FUNCTION = YES;
				GCC_WARN_UNUSED_VARIABLE = YES;
				MTL_ENABLE_DEBUG_INFO = INCLUDE_SOURCE;
				MTL_FAST_MATH = YES;
				ONLY_ACTIVE_ARCH = YES;
				SWIFT_ACTIVE_COMPILATION_CONDITIONS = DEBUG;
				SWIFT_OPTIMIZATION_LEVEL = "-Onone";
			};
			name = Debug;
		};
		1C9989442A9F3E1100866656 /* Release */ = {
			isa = XCBuildConfiguration;
			buildSettings = {
				ALWAYS_SEARCH_USER_PATHS = NO;
				CLANG_ANALYZER_NONNULL = YES;
				CLANG_ANALYZER_NUMBER_OBJECT_CONVERSION = YES_AGGRESSIVE;
				CLANG_CXX_LANGUAGE_STANDARD = "gnu++20";
				CLANG_ENABLE_MODULES = YES;
				CLANG_ENABLE_OBJC_ARC = YES;
				CLANG_ENABLE_OBJC_WEAK = YES;
				CLANG_WARN_BLOCK_CAPTURE_AUTORELEASING = YES;
				CLANG_WARN_BOOL_CONVERSION = YES;
				CLANG_WARN_COMMA = YES;
				CLANG_WARN_CONSTANT_CONVERSION = YES;
				CLANG_WARN_DEPRECATED_OBJC_IMPLEMENTATIONS = YES;
				CLANG_WARN_DIRECT_OBJC_ISA_USAGE = YES_ERROR;
				CLANG_WARN_DOCUMENTATION_COMMENTS = YES;
				CLANG_WARN_EMPTY_BODY = YES;
				CLANG_WARN_ENUM_CONVERSION = YES;
				CLANG_WARN_INFINITE_RECURSION = YES;
				CLANG_WARN_INT_CONVERSION = YES;
				CLANG_WARN_NON_LITERAL_NULL_CONVERSION = YES;
				CLANG_WARN_OBJC_IMPLICIT_RETAIN_SELF = YES;
				CLANG_WARN_OBJC_LITERAL_CONVERSION = YES;
				CLANG_WARN_OBJC_ROOT_CLASS = YES_ERROR;
				CLANG_WARN_QUOTED_INCLUDE_IN_FRAMEWORK_HEADER = YES;
				CLANG_WARN_RANGE_LOOP_ANALYSIS = YES;
				CLANG_WARN_STRICT_PROTOTYPES = YES;
				CLANG_WARN_SUSPICIOUS_MOVE = YES;
				CLANG_WARN_UNGUARDED_AVAILABILITY = YES_AGGRESSIVE;
				CLANG_WARN_UNREACHABLE_CODE = YES;
				CLANG_WARN__DUPLICATE_METHOD_MATCH = YES;
				COPY_PHASE_STRIP = NO;
				DEBUG_INFORMATION_FORMAT = "dwarf-with-dsym";
				ENABLE_NS_ASSERTIONS = NO;
				ENABLE_STRICT_OBJC_MSGSEND = YES;
				GCC_C_LANGUAGE_STANDARD = gnu11;
				GCC_NO_COMMON_BLOCKS = YES;
				GCC_WARN_64_TO_32_BIT_CONVERSION = YES;
				GCC_WARN_ABOUT_RETURN_TYPE = YES_ERROR;
				GCC_WARN_UNDECLARED_SELECTOR = YES;
				GCC_WARN_UNINITIALIZED_AUTOS = YES_AGGRESSIVE;
				GCC_WARN_UNUSED_FUNCTION = YES;
				GCC_WARN_UNUSED_VARIABLE = YES;
				MTL_ENABLE_DEBUG_INFO = NO;
				MTL_FAST_MATH = YES;
				SWIFT_COMPILATION_MODE = wholemodule;
				SWIFT_OPTIMIZATION_LEVEL = "-O";
			};
			name = Release;
		};
		1C9989462A9F3E1100866656 /* Debug */ = {
			isa = XCBuildConfiguration;
			buildSettings = {
				ASSETCATALOG_COMPILER_APPICON_NAME = AppIcon;
				ASSETCATALOG_COMPILER_GLOBAL_ACCENT_COLOR_NAME = AccentColor;
				CODE_SIGN_ENTITLEMENTS = NEW_GP/NEW_GP.entitlements;
				CODE_SIGN_STYLE = Automatic;
				CURRENT_PROJECT_VERSION = 1;
				DEVELOPMENT_ASSET_PATHS = "\"NEW_GP/Preview Content\"";
				DEVELOPMENT_TEAM = WPR9PZZJ8R;
				ENABLE_HARDENED_RUNTIME = YES;
				ENABLE_PREVIEWS = YES;
				GENERATE_INFOPLIST_FILE = YES;
				"INFOPLIST_KEY_UIApplicationSceneManifest_Generation[sdk=iphoneos*]" = YES;
				"INFOPLIST_KEY_UIApplicationSceneManifest_Generation[sdk=iphonesimulator*]" = YES;
				"INFOPLIST_KEY_UIApplicationSupportsIndirectInputEvents[sdk=iphoneos*]" = YES;
				"INFOPLIST_KEY_UIApplicationSupportsIndirectInputEvents[sdk=iphonesimulator*]" = YES;
				"INFOPLIST_KEY_UILaunchScreen_Generation[sdk=iphoneos*]" = YES;
				"INFOPLIST_KEY_UILaunchScreen_Generation[sdk=iphonesimulator*]" = YES;
				"INFOPLIST_KEY_UIStatusBarStyle[sdk=iphoneos*]" = UIStatusBarStyleDefault;
				"INFOPLIST_KEY_UIStatusBarStyle[sdk=iphonesimulator*]" = UIStatusBarStyleDefault;
				INFOPLIST_KEY_UISupportedInterfaceOrientations_iPad = "UIInterfaceOrientationPortrait UIInterfaceOrientationPortraitUpsideDown UIInterfaceOrientationLandscapeLeft UIInterfaceOrientationLandscapeRight";
				INFOPLIST_KEY_UISupportedInterfaceOrientations_iPhone = "UIInterfaceOrientationPortrait UIInterfaceOrientationLandscapeLeft UIInterfaceOrientationLandscapeRight";
				IPHONEOS_DEPLOYMENT_TARGET = 16.4;
				LD_RUNPATH_SEARCH_PATHS = "@executable_path/Frameworks";
				"LD_RUNPATH_SEARCH_PATHS[sdk=macosx*]" = "@executable_path/../Frameworks";
				MACOSX_DEPLOYMENT_TARGET = 13.2;
				MARKETING_VERSION = 1.0;
				PRODUCT_BUNDLE_IDENTIFIER = "CYUT.NEW-GP";
				PRODUCT_NAME = "$(TARGET_NAME)";
				SDKROOT = auto;
				SUPPORTED_PLATFORMS = "iphoneos iphonesimulator macosx";
				SWIFT_EMIT_LOC_STRINGS = YES;
				SWIFT_VERSION = 5.0;
				TARGETED_DEVICE_FAMILY = "1,2";
			};
			name = Debug;
		};
		1C9989472A9F3E1100866656 /* Release */ = {
			isa = XCBuildConfiguration;
			buildSettings = {
				ASSETCATALOG_COMPILER_APPICON_NAME = AppIcon;
				ASSETCATALOG_COMPILER_GLOBAL_ACCENT_COLOR_NAME = AccentColor;
				CODE_SIGN_ENTITLEMENTS = NEW_GP/NEW_GP.entitlements;
				CODE_SIGN_STYLE = Automatic;
				CURRENT_PROJECT_VERSION = 1;
				DEVELOPMENT_ASSET_PATHS = "\"NEW_GP/Preview Content\"";
				DEVELOPMENT_TEAM = WPR9PZZJ8R;
				ENABLE_HARDENED_RUNTIME = YES;
				ENABLE_PREVIEWS = YES;
				GENERATE_INFOPLIST_FILE = YES;
				"INFOPLIST_KEY_UIApplicationSceneManifest_Generation[sdk=iphoneos*]" = YES;
				"INFOPLIST_KEY_UIApplicationSceneManifest_Generation[sdk=iphonesimulator*]" = YES;
				"INFOPLIST_KEY_UIApplicationSupportsIndirectInputEvents[sdk=iphoneos*]" = YES;
				"INFOPLIST_KEY_UIApplicationSupportsIndirectInputEvents[sdk=iphonesimulator*]" = YES;
				"INFOPLIST_KEY_UILaunchScreen_Generation[sdk=iphoneos*]" = YES;
				"INFOPLIST_KEY_UILaunchScreen_Generation[sdk=iphonesimulator*]" = YES;
				"INFOPLIST_KEY_UIStatusBarStyle[sdk=iphoneos*]" = UIStatusBarStyleDefault;
				"INFOPLIST_KEY_UIStatusBarStyle[sdk=iphonesimulator*]" = UIStatusBarStyleDefault;
				INFOPLIST_KEY_UISupportedInterfaceOrientations_iPad = "UIInterfaceOrientationPortrait UIInterfaceOrientationPortraitUpsideDown UIInterfaceOrientationLandscapeLeft UIInterfaceOrientationLandscapeRight";
				INFOPLIST_KEY_UISupportedInterfaceOrientations_iPhone = "UIInterfaceOrientationPortrait UIInterfaceOrientationLandscapeLeft UIInterfaceOrientationLandscapeRight";
				IPHONEOS_DEPLOYMENT_TARGET = 16.4;
				LD_RUNPATH_SEARCH_PATHS = "@executable_path/Frameworks";
				"LD_RUNPATH_SEARCH_PATHS[sdk=macosx*]" = "@executable_path/../Frameworks";
				MACOSX_DEPLOYMENT_TARGET = 13.2;
				MARKETING_VERSION = 1.0;
				PRODUCT_BUNDLE_IDENTIFIER = "CYUT.NEW-GP";
				PRODUCT_NAME = "$(TARGET_NAME)";
				SDKROOT = auto;
				SUPPORTED_PLATFORMS = "iphoneos iphonesimulator macosx";
				SWIFT_EMIT_LOC_STRINGS = YES;
				SWIFT_VERSION = 5.0;
				TARGETED_DEVICE_FAMILY = "1,2";
			};
			name = Release;
		};
		1C9989492A9F3E1100866656 /* Debug */ = {
			isa = XCBuildConfiguration;
			buildSettings = {
				ALWAYS_EMBED_SWIFT_STANDARD_LIBRARIES = YES;
				BUNDLE_LOADER = "$(TEST_HOST)";
				CODE_SIGN_STYLE = Automatic;
				CURRENT_PROJECT_VERSION = 1;
				DEVELOPMENT_TEAM = WPR9PZZJ8R;
				GENERATE_INFOPLIST_FILE = YES;
				IPHONEOS_DEPLOYMENT_TARGET = 16.4;
				MACOSX_DEPLOYMENT_TARGET = 13.2;
				MARKETING_VERSION = 1.0;
				PRODUCT_BUNDLE_IDENTIFIER = "CYUT.NEW-GPTests";
				PRODUCT_NAME = "$(TARGET_NAME)";
				SDKROOT = auto;
				SUPPORTED_PLATFORMS = "iphoneos iphonesimulator macosx";
				SWIFT_EMIT_LOC_STRINGS = NO;
				SWIFT_VERSION = 5.0;
				TARGETED_DEVICE_FAMILY = "1,2";
				TEST_HOST = "$(BUILT_PRODUCTS_DIR)/NEW_GP.app/$(BUNDLE_EXECUTABLE_FOLDER_PATH)/NEW_GP";
			};
			name = Debug;
		};
		1C99894A2A9F3E1100866656 /* Release */ = {
			isa = XCBuildConfiguration;
			buildSettings = {
				ALWAYS_EMBED_SWIFT_STANDARD_LIBRARIES = YES;
				BUNDLE_LOADER = "$(TEST_HOST)";
				CODE_SIGN_STYLE = Automatic;
				CURRENT_PROJECT_VERSION = 1;
				DEVELOPMENT_TEAM = WPR9PZZJ8R;
				GENERATE_INFOPLIST_FILE = YES;
				IPHONEOS_DEPLOYMENT_TARGET = 16.4;
				MACOSX_DEPLOYMENT_TARGET = 13.2;
				MARKETING_VERSION = 1.0;
				PRODUCT_BUNDLE_IDENTIFIER = "CYUT.NEW-GPTests";
				PRODUCT_NAME = "$(TARGET_NAME)";
				SDKROOT = auto;
				SUPPORTED_PLATFORMS = "iphoneos iphonesimulator macosx";
				SWIFT_EMIT_LOC_STRINGS = NO;
				SWIFT_VERSION = 5.0;
				TARGETED_DEVICE_FAMILY = "1,2";
				TEST_HOST = "$(BUILT_PRODUCTS_DIR)/NEW_GP.app/$(BUNDLE_EXECUTABLE_FOLDER_PATH)/NEW_GP";
			};
			name = Release;
		};
		1C99894C2A9F3E1100866656 /* Debug */ = {
			isa = XCBuildConfiguration;
			buildSettings = {
				ALWAYS_EMBED_SWIFT_STANDARD_LIBRARIES = YES;
				CODE_SIGN_STYLE = Automatic;
				CURRENT_PROJECT_VERSION = 1;
				DEVELOPMENT_TEAM = WPR9PZZJ8R;
				GENERATE_INFOPLIST_FILE = YES;
				IPHONEOS_DEPLOYMENT_TARGET = 16.4;
				MACOSX_DEPLOYMENT_TARGET = 13.2;
				MARKETING_VERSION = 1.0;
				PRODUCT_BUNDLE_IDENTIFIER = "CYUT.NEW-GPUITests";
				PRODUCT_NAME = "$(TARGET_NAME)";
				SDKROOT = auto;
				SUPPORTED_PLATFORMS = "iphoneos iphonesimulator macosx";
				SWIFT_EMIT_LOC_STRINGS = NO;
				SWIFT_VERSION = 5.0;
				TARGETED_DEVICE_FAMILY = "1,2";
				TEST_TARGET_NAME = NEW_GP;
			};
			name = Debug;
		};
		1C99894D2A9F3E1100866656 /* Release */ = {
			isa = XCBuildConfiguration;
			buildSettings = {
				ALWAYS_EMBED_SWIFT_STANDARD_LIBRARIES = YES;
				CODE_SIGN_STYLE = Automatic;
				CURRENT_PROJECT_VERSION = 1;
				DEVELOPMENT_TEAM = WPR9PZZJ8R;
				GENERATE_INFOPLIST_FILE = YES;
				IPHONEOS_DEPLOYMENT_TARGET = 16.4;
				MACOSX_DEPLOYMENT_TARGET = 13.2;
				MARKETING_VERSION = 1.0;
				PRODUCT_BUNDLE_IDENTIFIER = "CYUT.NEW-GPUITests";
				PRODUCT_NAME = "$(TARGET_NAME)";
				SDKROOT = auto;
				SUPPORTED_PLATFORMS = "iphoneos iphonesimulator macosx";
				SWIFT_EMIT_LOC_STRINGS = NO;
				SWIFT_VERSION = 5.0;
				TARGETED_DEVICE_FAMILY = "1,2";
				TEST_TARGET_NAME = NEW_GP;
			};
			name = Release;
		};
/* End XCBuildConfiguration section */

/* Begin XCConfigurationList section */
		1C9989162A9F3E1000866656 /* Build configuration list for PBXProject "NEW_GP" */ = {
			isa = XCConfigurationList;
			buildConfigurations = (
				1C9989432A9F3E1100866656 /* Debug */,
				1C9989442A9F3E1100866656 /* Release */,
			);
			defaultConfigurationIsVisible = 0;
			defaultConfigurationName = Release;
		};
		1C9989452A9F3E1100866656 /* Build configuration list for PBXNativeTarget "NEW_GP" */ = {
			isa = XCConfigurationList;
			buildConfigurations = (
				1C9989462A9F3E1100866656 /* Debug */,
				1C9989472A9F3E1100866656 /* Release */,
			);
			defaultConfigurationIsVisible = 0;
			defaultConfigurationName = Release;
		};
		1C9989482A9F3E1100866656 /* Build configuration list for PBXNativeTarget "NEW_GPTests" */ = {
			isa = XCConfigurationList;
			buildConfigurations = (
				1C9989492A9F3E1100866656 /* Debug */,
				1C99894A2A9F3E1100866656 /* Release */,
			);
			defaultConfigurationIsVisible = 0;
			defaultConfigurationName = Release;
		};
		1C99894B2A9F3E1100866656 /* Build configuration list for PBXNativeTarget "NEW_GPUITests" */ = {
			isa = XCConfigurationList;
			buildConfigurations = (
				1C99894C2A9F3E1100866656 /* Debug */,
				1C99894D2A9F3E1100866656 /* Release */,
			);
			defaultConfigurationIsVisible = 0;
			defaultConfigurationName = Release;
		};
/* End XCConfigurationList section */

/* Begin XCRemoteSwiftPackageReference section */
		1C9847752AA028C800478BFE /* XCRemoteSwiftPackageReference "firebase-ios-sdk" */ = {
			isa = XCRemoteSwiftPackageReference;
			repositoryURL = "https://github.com/firebase/firebase-ios-sdk.git";
			requirement = {
				kind = upToNextMajorVersion;
				minimumVersion = 10.0.0;
			};
		};
/* End XCRemoteSwiftPackageReference section */

/* Begin XCSwiftPackageProductDependency section */
		1C9847762AA028C800478BFE /* FirebaseAnalytics */ = {
			isa = XCSwiftPackageProductDependency;
			package = 1C9847752AA028C800478BFE /* XCRemoteSwiftPackageReference "firebase-ios-sdk" */;
			productName = FirebaseAnalytics;
		};
		1C9847782AA028C800478BFE /* FirebaseAnalyticsOnDeviceConversion */ = {
			isa = XCSwiftPackageProductDependency;
			package = 1C9847752AA028C800478BFE /* XCRemoteSwiftPackageReference "firebase-ios-sdk" */;
			productName = FirebaseAnalyticsOnDeviceConversion;
		};
		1C98477A2AA028C800478BFE /* FirebaseAnalyticsSwift */ = {
			isa = XCSwiftPackageProductDependency;
			package = 1C9847752AA028C800478BFE /* XCRemoteSwiftPackageReference "firebase-ios-sdk" */;
			productName = FirebaseAnalyticsSwift;
		};
		1C98477C2AA028C800478BFE /* FirebaseAnalyticsWithoutAdIdSupport */ = {
			isa = XCSwiftPackageProductDependency;
			package = 1C9847752AA028C800478BFE /* XCRemoteSwiftPackageReference "firebase-ios-sdk" */;
			productName = FirebaseAnalyticsWithoutAdIdSupport;
		};
		1C98477E2AA028C800478BFE /* FirebaseAppCheck */ = {
			isa = XCSwiftPackageProductDependency;
			package = 1C9847752AA028C800478BFE /* XCRemoteSwiftPackageReference "firebase-ios-sdk" */;
			productName = FirebaseAppCheck;
		};
		1C9847802AA028C800478BFE /* FirebaseAppDistribution-Beta */ = {
			isa = XCSwiftPackageProductDependency;
			package = 1C9847752AA028C800478BFE /* XCRemoteSwiftPackageReference "firebase-ios-sdk" */;
			productName = "FirebaseAppDistribution-Beta";
		};
		1C9847822AA028C800478BFE /* FirebaseAuth */ = {
			isa = XCSwiftPackageProductDependency;
			package = 1C9847752AA028C800478BFE /* XCRemoteSwiftPackageReference "firebase-ios-sdk" */;
			productName = FirebaseAuth;
		};
		1C9847842AA028C800478BFE /* FirebaseAuthCombine-Community */ = {
			isa = XCSwiftPackageProductDependency;
			package = 1C9847752AA028C800478BFE /* XCRemoteSwiftPackageReference "firebase-ios-sdk" */;
			productName = "FirebaseAuthCombine-Community";
		};
		1C9847862AA028C800478BFE /* FirebaseCrashlytics */ = {
			isa = XCSwiftPackageProductDependency;
			package = 1C9847752AA028C800478BFE /* XCRemoteSwiftPackageReference "firebase-ios-sdk" */;
			productName = FirebaseCrashlytics;
		};
		1C9847882AA028C800478BFE /* FirebaseDatabase */ = {
			isa = XCSwiftPackageProductDependency;
			package = 1C9847752AA028C800478BFE /* XCRemoteSwiftPackageReference "firebase-ios-sdk" */;
			productName = FirebaseDatabase;
		};
		1C98478A2AA028C800478BFE /* FirebaseDatabaseSwift */ = {
			isa = XCSwiftPackageProductDependency;
			package = 1C9847752AA028C800478BFE /* XCRemoteSwiftPackageReference "firebase-ios-sdk" */;
			productName = FirebaseDatabaseSwift;
		};
		1C98478C2AA028C800478BFE /* FirebaseDynamicLinks */ = {
			isa = XCSwiftPackageProductDependency;
			package = 1C9847752AA028C800478BFE /* XCRemoteSwiftPackageReference "firebase-ios-sdk" */;
			productName = FirebaseDynamicLinks;
		};
		1C98478E2AA028C800478BFE /* FirebaseFirestore */ = {
			isa = XCSwiftPackageProductDependency;
			package = 1C9847752AA028C800478BFE /* XCRemoteSwiftPackageReference "firebase-ios-sdk" */;
			productName = FirebaseFirestore;
		};
		1C9847902AA028C800478BFE /* FirebaseFirestoreCombine-Community */ = {
			isa = XCSwiftPackageProductDependency;
			package = 1C9847752AA028C800478BFE /* XCRemoteSwiftPackageReference "firebase-ios-sdk" */;
			productName = "FirebaseFirestoreCombine-Community";
		};
		1C9847922AA028C800478BFE /* FirebaseFirestoreSwift */ = {
			isa = XCSwiftPackageProductDependency;
			package = 1C9847752AA028C800478BFE /* XCRemoteSwiftPackageReference "firebase-ios-sdk" */;
			productName = FirebaseFirestoreSwift;
		};
		1C9847942AA028C800478BFE /* FirebaseFunctions */ = {
			isa = XCSwiftPackageProductDependency;
			package = 1C9847752AA028C800478BFE /* XCRemoteSwiftPackageReference "firebase-ios-sdk" */;
			productName = FirebaseFunctions;
		};
		1C9847962AA028C800478BFE /* FirebaseFunctionsCombine-Community */ = {
			isa = XCSwiftPackageProductDependency;
			package = 1C9847752AA028C800478BFE /* XCRemoteSwiftPackageReference "firebase-ios-sdk" */;
			productName = "FirebaseFunctionsCombine-Community";
		};
		1C9847982AA028C800478BFE /* FirebaseInAppMessaging-Beta */ = {
			isa = XCSwiftPackageProductDependency;
			package = 1C9847752AA028C800478BFE /* XCRemoteSwiftPackageReference "firebase-ios-sdk" */;
			productName = "FirebaseInAppMessaging-Beta";
		};
		1C98479A2AA028C800478BFE /* FirebaseInAppMessagingSwift-Beta */ = {
			isa = XCSwiftPackageProductDependency;
			package = 1C9847752AA028C800478BFE /* XCRemoteSwiftPackageReference "firebase-ios-sdk" */;
			productName = "FirebaseInAppMessagingSwift-Beta";
		};
		1C98479C2AA028C800478BFE /* FirebaseInstallations */ = {
			isa = XCSwiftPackageProductDependency;
			package = 1C9847752AA028C800478BFE /* XCRemoteSwiftPackageReference "firebase-ios-sdk" */;
			productName = FirebaseInstallations;
		};
		1C98479E2AA028C800478BFE /* FirebaseMLModelDownloader */ = {
			isa = XCSwiftPackageProductDependency;
			package = 1C9847752AA028C800478BFE /* XCRemoteSwiftPackageReference "firebase-ios-sdk" */;
			productName = FirebaseMLModelDownloader;
		};
		1C9847A02AA028C800478BFE /* FirebaseMessaging */ = {
			isa = XCSwiftPackageProductDependency;
			package = 1C9847752AA028C800478BFE /* XCRemoteSwiftPackageReference "firebase-ios-sdk" */;
			productName = FirebaseMessaging;
		};
		1C9847A22AA028C800478BFE /* FirebasePerformance */ = {
			isa = XCSwiftPackageProductDependency;
			package = 1C9847752AA028C800478BFE /* XCRemoteSwiftPackageReference "firebase-ios-sdk" */;
			productName = FirebasePerformance;
		};
		1C9847A42AA028C800478BFE /* FirebaseRemoteConfig */ = {
			isa = XCSwiftPackageProductDependency;
			package = 1C9847752AA028C800478BFE /* XCRemoteSwiftPackageReference "firebase-ios-sdk" */;
			productName = FirebaseRemoteConfig;
		};
		1C9847A62AA028C800478BFE /* FirebaseRemoteConfigSwift */ = {
			isa = XCSwiftPackageProductDependency;
			package = 1C9847752AA028C800478BFE /* XCRemoteSwiftPackageReference "firebase-ios-sdk" */;
			productName = FirebaseRemoteConfigSwift;
		};
		1C9847A82AA028C800478BFE /* FirebaseStorage */ = {
			isa = XCSwiftPackageProductDependency;
			package = 1C9847752AA028C800478BFE /* XCRemoteSwiftPackageReference "firebase-ios-sdk" */;
			productName = FirebaseStorage;
		};
		1C9847AA2AA028C800478BFE /* FirebaseStorageCombine-Community */ = {
			isa = XCSwiftPackageProductDependency;
			package = 1C9847752AA028C800478BFE /* XCRemoteSwiftPackageReference "firebase-ios-sdk" */;
			productName = "FirebaseStorageCombine-Community";
		};
/* End XCSwiftPackageProductDependency section */

/* Begin XCVersionGroup section */
		1C9989222A9F3E1000866656 /* NEW_GP.xcdatamodeld */ = {
			isa = XCVersionGroup;
			children = (
				1C9989232A9F3E1000866656 /* NEW_GP.xcdatamodel */,
			);
			currentVersion = 1C9989232A9F3E1000866656 /* NEW_GP.xcdatamodel */;
			path = NEW_GP.xcdatamodeld;
			sourceTree = "<group>";
			versionGroupType = wrapper.xcdatamodel;
		};
/* End XCVersionGroup section */
	};
	rootObject = 1C9989132A9F3E1000866656 /* Project object */;
}
